
Microsoft Visual Studio Solution File, Format Version 12.00
# Visual Studio 15
VisualStudioVersion = 15.0.28307.572
MinimumVisualStudioVersion = 10.0.40219.1
Project("{FAE04EC0-301F-11D3-BF4B-00C04F79EFBC}") = "VoiceRecognitionUMC.Android", "VoiceRecognitionUMC\VoiceRecognitionUMC.Android\VoiceRecognitionUMC.Android.csproj", "{F6869714-D965-42D9-ADD7-57A76387C64F}"
EndProject
Project("{FAE04EC0-301F-11D3-BF4B-00C04F79EFBC}") = "VoiceRecognitionUMC.iOS", "VoiceRecognitionUMC\VoiceRecognitionUMC.iOS\VoiceRecognitionUMC.iOS.csproj", "{504007C1-9867-4AA2-AA0C-E53F8B219988}"
EndProject
Project("{FAE04EC0-301F-11D3-BF4B-00C04F79EFBC}") = "VoiceRecognitionUMC", "VoiceRecognitionUMC\VoiceRecognitionUMC\VoiceRecognitionUMC.csproj", "{1D7A441B-4B1C-419F-A387-4C1057E6D6CA}"
EndProject
Global
	GlobalSection(SolutionConfigurationPlatforms) = preSolution
		Ad-Hoc|Any CPU = Ad-Hoc|Any CPU
		Ad-Hoc|iPhone = Ad-Hoc|iPhone
		Ad-Hoc|iPhoneSimulator = Ad-Hoc|iPhoneSimulator
		AppStore|Any CPU = AppStore|Any CPU
		AppStore|iPhone = AppStore|iPhone
		AppStore|iPhoneSimulator = AppStore|iPhoneSimulator
		Debug|Any CPU = Debug|Any CPU
		Debug|iPhone = Debug|iPhone
		Debug|iPhoneSimulator = Debug|iPhoneSimulator
		Release|Any CPU = Release|Any CPU
		Release|iPhone = Release|iPhone
		Release|iPhoneSimulator = Release|iPhoneSimulator
	EndGlobalSection
	GlobalSection(ProjectConfigurationPlatforms) = postSolution
		{F6869714-D965-42D9-ADD7-57A76387C64F}.Ad-Hoc|Any CPU.ActiveCfg = Release|Any CPU
		{F6869714-D965-42D9-ADD7-57A76387C64F}.Ad-Hoc|Any CPU.Build.0 = Release|Any CPU
		{F6869714-D965-42D9-ADD7-57A76387C64F}.Ad-Hoc|Any CPU.Deploy.0 = Release|Any CPU
		{F6869714-D965-42D9-ADD7-57A76387C64F}.Ad-Hoc|iPhone.ActiveCfg = Release|Any CPU
		{F6869714-D965-42D9-ADD7-57A76387C64F}.Ad-Hoc|iPhone.Build.0 = Release|Any CPU
		{F6869714-D965-42D9-ADD7-57A76387C64F}.Ad-Hoc|iPhone.Deploy.0 = Release|Any CPU
		{F6869714-D965-42D9-ADD7-57A76387C64F}.Ad-Hoc|iPhoneSimulator.ActiveCfg = Release|Any CPU
		{F6869714-D965-42D9-ADD7-57A76387C64F}.Ad-Hoc|iPhoneSimulator.Build.0 = Release|Any CPU
		{F6869714-D965-42D9-ADD7-57A76387C64F}.Ad-Hoc|iPhoneSimulator.Deploy.0 = Release|Any CPU
		{F6869714-D965-42D9-ADD7-57A76387C64F}.AppStore|Any CPU.ActiveCfg = Release|Any CPU
		{F6869714-D965-42D9-ADD7-57A76387C64F}.AppStore|Any CPU.Build.0 = Release|Any CPU
		{F6869714-D965-42D9-ADD7-57A76387C64F}.AppStore|Any CPU.Deploy.0 = Release|Any CPU
		{F6869714-D965-42D9-ADD7-57A76387C64F}.AppStore|iPhone.ActiveCfg = Release|Any CPU
		{F6869714-D965-42D9-ADD7-57A76387C64F}.AppStore|iPhone.Build.0 = Release|Any CPU
		{F6869714-D965-42D9-ADD7-57A76387C64F}.AppStore|iPhone.Deploy.0 = Release|Any CPU
		{F6869714-D965-42D9-ADD7-57A76387C64F}.AppStore|iPhoneSimulator.ActiveCfg = Release|Any CPU
		{F6869714-D965-42D9-ADD7-57A76387C64F}.AppStore|iPhoneSimulator.Build.0 = Release|Any CPU
		{F6869714-D965-42D9-ADD7-57A76387C64F}.AppStore|iPhoneSimulator.Deploy.0 = Release|Any CPU
		{F6869714-D965-42D9-ADD7-57A76387C64F}.Debug|Any CPU.ActiveCfg = Debug|Any CPU
		{F6869714-D965-42D9-ADD7-57A76387C64F}.Debug|Any CPU.Build.0 = Debug|Any CPU
		{F6869714-D965-42D9-ADD7-57A76387C64F}.Debug|Any CPU.Deploy.0 = Debug|Any CPU
		{F6869714-D965-42D9-ADD7-57A76387C64F}.Debug|iPhone.ActiveCfg = Debug|Any CPU
		{F6869714-D965-42D9-ADD7-57A76387C64F}.Debug|iPhone.Build.0 = Debug|Any CPU
		{F6869714-D965-42D9-ADD7-57A76387C64F}.Debug|iPhone.Deploy.0 = Debug|Any CPU
		{F6869714-D965-42D9-ADD7-57A76387C64F}.Debug|iPhoneSimulator.ActiveCfg = Debug|Any CPU
		{F6869714-D965-42D9-ADD7-57A76387C64F}.Debug|iPhoneSimulator.Build.0 = Debug|Any CPU
		{F6869714-D965-42D9-ADD7-57A76387C64F}.Debug|iPhoneSimulator.Deploy.0 = Debug|Any CPU
		{F6869714-D965-42D9-ADD7-57A76387C64F}.Release|Any CPU.ActiveCfg = Release|Any CPU
		{F6869714-D965-42D9-ADD7-57A76387C64F}.Release|Any CPU.Build.0 = Release|Any CPU
		{F6869714-D965-42D9-ADD7-57A76387C64F}.Release|Any CPU.Deploy.0 = Release|Any CPU
		{F6869714-D965-42D9-ADD7-57A76387C64F}.Release|iPhone.ActiveCfg = Release|Any CPU
		{F6869714-D965-42D9-ADD7-57A76387C64F}.Release|iPhone.Build.0 = Release|Any CPU
		{F6869714-D965-42D9-ADD7-57A76387C64F}.Release|iPhone.Deploy.0 = Release|Any CPU
		{F6869714-D965-42D9-ADD7-57A76387C64F}.Release|iPhoneSimulator.ActiveCfg = Release|Any CPU
		{F6869714-D965-42D9-ADD7-57A76387C64F}.Release|iPhoneSimulator.Build.0 = Release|Any CPU
		{F6869714-D965-42D9-ADD7-57A76387C64F}.Release|iPhoneSimulator.Deploy.0 = Release|Any CPU
		{504007C1-9867-4AA2-AA0C-E53F8B219988}.Ad-Hoc|Any CPU.ActiveCfg = Ad-Hoc|iPhone
		{504007C1-9867-4AA2-AA0C-E53F8B219988}.Ad-Hoc|Any CPU.Build.0 = Ad-Hoc|iPhone
		{504007C1-9867-4AA2-AA0C-E53F8B219988}.Ad-Hoc|Any CPU.Deploy.0 = Ad-Hoc|iPhone
		{504007C1-9867-4AA2-AA0C-E53F8B219988}.Ad-Hoc|iPhone.ActiveCfg = Ad-Hoc|iPhone
		{504007C1-9867-4AA2-AA0C-E53F8B219988}.Ad-Hoc|iPhone.Build.0 = Ad-Hoc|iPhone
		{504007C1-9867-4AA2-AA0C-E53F8B219988}.Ad-Hoc|iPhone.Deploy.0 = Ad-Hoc|iPhone
		{504007C1-9867-4AA2-AA0C-E53F8B219988}.Ad-Hoc|iPhoneSimulator.ActiveCfg = Ad-Hoc|iPhoneSimulator
		{504007C1-9867-4AA2-AA0C-E53F8B219988}.Ad-Hoc|iPhoneSimulator.Build.0 = Ad-Hoc|iPhoneSimulator
		{504007C1-9867-4AA2-AA0C-E53F8B219988}.Ad-Hoc|iPhoneSimulator.Deploy.0 = Ad-Hoc|iPhoneSimulator
		{504007C1-9867-4AA2-AA0C-E53F8B219988}.AppStore|Any CPU.ActiveCfg = AppStore|iPhone
		{504007C1-9867-4AA2-AA0C-E53F8B219988}.AppStore|Any CPU.Build.0 = AppStore|iPhone
		{504007C1-9867-4AA2-AA0C-E53F8B219988}.AppStore|Any CPU.Deploy.0 = AppStore|iPhone
		{504007C1-9867-4AA2-AA0C-E53F8B219988}.AppStore|iPhone.ActiveCfg = AppStore|iPhone
		{504007C1-9867-4AA2-AA0C-E53F8B219988}.AppStore|iPhone.Build.0 = AppStore|iPhone
		{504007C1-9867-4AA2-AA0C-E53F8B219988}.AppStore|iPhone.Deploy.0 = AppStore|iPhone
		{504007C1-9867-4AA2-AA0C-E53F8B219988}.AppStore|iPhoneSimulator.ActiveCfg = AppStore|iPhoneSimulator
		{504007C1-9867-4AA2-AA0C-E53F8B219988}.AppStore|iPhoneSimulator.Build.0 = AppStore|iPhoneSimulator
		{504007C1-9867-4AA2-AA0C-E53F8B219988}.AppStore|iPhoneSimulator.Deploy.0 = AppStore|iPhoneSimulator
		{504007C1-9867-4AA2-AA0C-E53F8B219988}.Debug|Any CPU.ActiveCfg = Debug|iPhoneSimulator
		{504007C1-9867-4AA2-AA0C-E53F8B219988}.Debug|Any CPU.Build.0 = Debug|iPhoneSimulator
		{504007C1-9867-4AA2-AA0C-E53F8B219988}.Debug|Any CPU.Deploy.0 = Debug|iPhoneSimulator
		{504007C1-9867-4AA2-AA0C-E53F8B219988}.Debug|iPhone.ActiveCfg = Debug|iPhone
		{504007C1-9867-4AA2-AA0C-E53F8B219988}.Debug|iPhone.Build.0 = Debug|iPhone
		{504007C1-9867-4AA2-AA0C-E53F8B219988}.Debug|iPhone.Deploy.0 = Debug|iPhone
		{504007C1-9867-4AA2-AA0C-E53F8B219988}.Debug|iPhoneSimulator.ActiveCfg = Debug|iPhoneSimulator
		{504007C1-9867-4AA2-AA0C-E53F8B219988}.Debug|iPhoneSimulator.Build.0 = Debug|iPhoneSimulator
		{504007C1-9867-4AA2-AA0C-E53F8B219988}.Debug|iPhoneSimulator.Deploy.0 = Debug|iPhoneSimulator
		{504007C1-9867-4AA2-AA0C-E53F8B219988}.Release|Any CPU.ActiveCfg = Release|iPhone
		{504007C1-9867-4AA2-AA0C-E53F8B219988}.Release|Any CPU.Build.0 = Release|iPhone
		{504007C1-9867-4AA2-AA0C-E53F8B219988}.Release|Any CPU.Deploy.0 = Release|iPhone
		{504007C1-9867-4AA2-AA0C-E53F8B219988}.Release|iPhone.ActiveCfg = Release|iPhone
		{504007C1-9867-4AA2-AA0C-E53F8B219988}.Release|iPhone.Build.0 = Release|iPhone
		{504007C1-9867-4AA2-AA0C-E53F8B219988}.Release|iPhone.Deploy.0 = Release|iPhone
		{504007C1-9867-4AA2-AA0C-E53F8B219988}.Release|iPhoneSimulator.ActiveCfg = Release|iPhoneSimulator
		{504007C1-9867-4AA2-AA0C-E53F8B219988}.Release|iPhoneSimulator.Build.0 = Release|iPhoneSimulator
		{504007C1-9867-4AA2-AA0C-E53F8B219988}.Release|iPhoneSimulator.Deploy.0 = Release|iPhoneSimulator
		{1D7A441B-4B1C-419F-A387-4C1057E6D6CA}.Ad-Hoc|Any CPU.ActiveCfg = Debug|Any CPU
		{1D7A441B-4B1C-419F-A387-4C1057E6D6CA}.Ad-Hoc|Any CPU.Build.0 = Debug|Any CPU
		{1D7A441B-4B1C-419F-A387-4C1057E6D6CA}.Ad-Hoc|Any CPU.Deploy.0 = Debug|Any CPU
		{1D7A441B-4B1C-419F-A387-4C1057E6D6CA}.Ad-Hoc|iPhone.ActiveCfg = Debug|Any CPU
		{1D7A441B-4B1C-419F-A387-4C1057E6D6CA}.Ad-Hoc|iPhone.Build.0 = Debug|Any CPU
		{1D7A441B-4B1C-419F-A387-4C1057E6D6CA}.Ad-Hoc|iPhone.Deploy.0 = Debug|Any CPU
		{1D7A441B-4B1C-419F-A387-4C1057E6D6CA}.Ad-Hoc|iPhoneSimulator.ActiveCfg = Debug|Any CPU
		{1D7A441B-4B1C-419F-A387-4C1057E6D6CA}.Ad-Hoc|iPhoneSimulator.Build.0 = Debug|Any CPU
		{1D7A441B-4B1C-419F-A387-4C1057E6D6CA}.Ad-Hoc|iPhoneSimulator.Deploy.0 = Debug|Any CPU
		{1D7A441B-4B1C-419F-A387-4C1057E6D6CA}.AppStore|Any CPU.ActiveCfg = Debug|Any CPU
		{1D7A441B-4B1C-419F-A387-4C1057E6D6CA}.AppStore|Any CPU.Build.0 = Debug|Any CPU
		{1D7A441B-4B1C-419F-A387-4C1057E6D6CA}.AppStore|Any CPU.Deploy.0 = Debug|Any CPU
		{1D7A441B-4B1C-419F-A387-4C1057E6D6CA}.AppStore|iPhone.ActiveCfg = Debug|Any CPU
		{1D7A441B-4B1C-419F-A387-4C1057E6D6CA}.AppStore|iPhone.Build.0 = Debug|Any CPU
		{1D7A441B-4B1C-419F-A387-4C1057E6D6CA}.AppStore|iPhone.Deploy.0 = Debug|Any CPU
		{1D7A441B-4B1C-419F-A387-4C1057E6D6CA}.AppStore|iPhoneSimulator.ActiveCfg = Debug|Any CPU
		{1D7A441B-4B1C-419F-A387-4C1057E6D6CA}.AppStore|iPhoneSimulator.Build.0 = Debug|Any CPU
		{1D7A441B-4B1C-419F-A387-4C1057E6D6CA}.AppStore|iPhoneSimulator.Deploy.0 = Debug|Any CPU
		{1D7A441B-4B1C-419F-A387-4C1057E6D6CA}.Debug|Any CPU.ActiveCfg = Debug|Any CPU
		{1D7A441B-4B1C-419F-A387-4C1057E6D6CA}.Debug|Any CPU.Build.0 = Debug|Any CPU
		{1D7A441B-4B1C-419F-A387-4C1057E6D6CA}.Debug|Any CPU.Deploy.0 = Debug|Any CPU
		{1D7A441B-4B1C-419F-A387-4C1057E6D6CA}.Debug|iPhone.ActiveCfg = Debug|Any CPU
		{1D7A441B-4B1C-419F-A387-4C1057E6D6CA}.Debug|iPhone.Build.0 = Debug|Any CPU
		{1D7A441B-4B1C-419F-A387-4C1057E6D6CA}.Debug|iPhone.Deploy.0 = Debug|Any CPU
		{1D7A441B-4B1C-419F-A387-4C1057E6D6CA}.Debug|iPhoneSimulator.ActiveCfg = Debug|Any CPU
		{1D7A441B-4B1C-419F-A387-4C1057E6D6CA}.Debug|iPhoneSimulator.Build.0 = Debug|Any CPU
		{1D7A441B-4B1C-419F-A387-4C1057E6D6CA}.Debug|iPhoneSimulator.Deploy.0 = Debug|Any CPU
		{1D7A441B-4B1C-419F-A387-4C1057E6D6CA}.Release|Any CPU.ActiveCfg = Release|Any CPU
		{1D7A441B-4B1C-419F-A387-4C1057E6D6CA}.Release|Any CPU.Build.0 = Release|Any CPU
		{1D7A441B-4B1C-419F-A387-4C1057E6D6CA}.Release|Any CPU.Deploy.0 = Release|Any CPU
		{1D7A441B-4B1C-419F-A387-4C1057E6D6CA}.Release|iPhone.ActiveCfg = Release|Any CPU
		{1D7A441B-4B1C-419F-A387-4C1057E6D6CA}.Release|iPhone.Build.0 = Release|Any CPU
		{1D7A441B-4B1C-419F-A387-4C1057E6D6CA}.Release|iPhone.Deploy.0 = Release|Any CPU
		{1D7A441B-4B1C-419F-A387-4C1057E6D6CA}.Release|iPhoneSimulator.ActiveCfg = Release|Any CPU
		{1D7A441B-4B1C-419F-A387-4C1057E6D6CA}.Release|iPhoneSimulator.Build.0 = Release|Any CPU
		{1D7A441B-4B1C-419F-A387-4C1057E6D6CA}.Release|iPhoneSimulator.Deploy.0 = Release|Any CPU
	EndGlobalSection
	GlobalSection(SolutionProperties) = preSolution
		HideSolutionNode = FALSE
	EndGlobalSection
	GlobalSection(ExtensibilityGlobals) = postSolution
		SolutionGuid = {C9449B51-9FA2-4D96-AD9C-4A04033B1173}
	EndGlobalSection
EndGlobal
